
Microsoft Visual Studio Solution File, Format Version 12.00
# Visual Studio Version 16
VisualStudioVersion = 16.0.32901.82
MinimumVisualStudioVersion = 10.0.40219.1
Project("{8BC9CEB8-8B4A-11D0-8D11-00A0C91BC942}") = "FilePicker", "FilePicker\FilePicker.vcxproj", "{784BFB1D-E257-452D-84A4-1EECEF24227C}"
EndProject
Global
	GlobalSection(SolutionConfigurationPlatforms) = preSolution
		Debug|ARM = Debug|ARM
		Debug|x64 = Debug|x64
		Debug|x86 = Debug|x86
		Release|ARM = Release|ARM
		Release|x64 = Release|x64
		Release|x86 = Release|x86
	EndGlobalSection
	GlobalSection(ProjectConfigurationPlatforms) = postSolution
		{784BFB1D-E257-452D-84A4-1EECEF24227C}.Debug|ARM.ActiveCfg = Debug|ARM
		{784BFB1D-E257-452D-84A4-1EECEF24227C}.Debug|ARM.Build.0 = Debug|ARM
		{784BFB1D-E257-452D-84A4-1EECEF24227C}.Debug|x64.ActiveCfg = Debug|x64
		{784BFB1D-E257-452D-84A4-1EECEF24227C}.Debug|x64.Build.0 = Debug|x64
		{784BFB1D-E257-452D-84A4-1EECEF24227C}.Debug|x86.ActiveCfg = Debug|Win32
		{784BFB1D-E257-452D-84A4-1EECEF24227C}.Debug|x86.Build.0 = Debug|Win32
		{784BFB1D-E257-452D-84A4-1EECEF24227C}.Release|ARM.ActiveCfg = Release|ARM
		{784BFB1D-E257-452D-84A4-1EECEF24227C}.Release|ARM.Build.0 = Release|ARM
		{784BFB1D-E257-452D-84A4-1EECEF24227C}.Release|x64.ActiveCfg = Release|x64
		{784BFB1D-E257-452D-84A4-1EECEF24227C}.Release|x64.Build.0 = Release|x64
		{784BFB1D-E257-452D-84A4-1EECEF24227C}.Release|x86.ActiveCfg = Release|Win32
		{784BFB1D-E257-452D-84A4-1EECEF24227C}.Release|x86.Build.0 = Release|Win32
	EndGlobalSection
	GlobalSection(SolutionProperties) = preSolution
		HideSolutionNode = FALSE
	EndGlobalSection
	GlobalSection(ExtensibilityGlobals) = postSolution
		SolutionGuid = {6FFB0195-8EB8-4812-842F-E06CA325B433}
	EndGlobalSection
EndGlobal
